
Microsoft Visual Studio Solution File, Format Version 12.00
# Visual Studio Version 16
VisualStudioVersion = 16.0.29920.165
MinimumVisualStudioVersion = 10.0.40219.1
Project("{9A19103F-16F7-4668-BE54-9A1E7A4F7556}") = "APILib", "API\APILib.csproj", "{41962FD9-3025-44E6-AD28-C413A8E92172}"
EndProject
Project("{9A19103F-16F7-4668-BE54-9A1E7A4F7556}") = "BlazorApp.Client", "BlazorApp.Client\BlazorApp.Client.csproj", "{8E222411-A21B-465D-8BA2-783FDBAD62DB}"
EndProject
Project("{9A19103F-16F7-4668-BE54-9A1E7A4F7556}") = "BlazorApp.Shared", "BlazorApp.Shared\BlazorApp.Shared.csproj", "{8ED2A2E9-C3A5-4763-8E95-FC5D9E9C477F}"
EndProject
Project("{9A19103F-16F7-4668-BE54-9A1E7A4F7556}") = "BlazorApp.Server", "BlazorApp.Server\BlazorApp.Server.csproj", "{096BE9DB-A159-4AD9-A91F-BF97F7C746B7}"
EndProject
Global
	GlobalSection(SolutionConfigurationPlatforms) = preSolution
		Debug|Any CPU = Debug|Any CPU
		Release|Any CPU = Release|Any CPU
	EndGlobalSection
	GlobalSection(ProjectConfigurationPlatforms) = postSolution
		{41962FD9-3025-44E6-AD28-C413A8E92172}.Debug|Any CPU.ActiveCfg = Debug|Any CPU
		{41962FD9-3025-44E6-AD28-C413A8E92172}.Debug|Any CPU.Build.0 = Debug|Any CPU
		{41962FD9-3025-44E6-AD28-C413A8E92172}.Release|Any CPU.ActiveCfg = Release|Any CPU
		{41962FD9-3025-44E6-AD28-C413A8E92172}.Release|Any CPU.Build.0 = Release|Any CPU
		{8E222411-A21B-465D-8BA2-783FDBAD62DB}.Debug|Any CPU.ActiveCfg = Debug|Any CPU
		{8E222411-A21B-465D-8BA2-783FDBAD62DB}.Debug|Any CPU.Build.0 = Debug|Any CPU
		{8E222411-A21B-465D-8BA2-783FDBAD62DB}.Release|Any CPU.ActiveCfg = Release|Any CPU
		{8E222411-A21B-465D-8BA2-783FDBAD62DB}.Release|Any CPU.Build.0 = Release|Any CPU
		{8ED2A2E9-C3A5-4763-8E95-FC5D9E9C477F}.Debug|Any CPU.ActiveCfg = Debug|Any CPU
		{8ED2A2E9-C3A5-4763-8E95-FC5D9E9C477F}.Debug|Any CPU.Build.0 = Debug|Any CPU
		{8ED2A2E9-C3A5-4763-8E95-FC5D9E9C477F}.Release|Any CPU.ActiveCfg = Release|Any CPU
		{8ED2A2E9-C3A5-4763-8E95-FC5D9E9C477F}.Release|Any CPU.Build.0 = Release|Any CPU
		{096BE9DB-A159-4AD9-A91F-BF97F7C746B7}.Debug|Any CPU.ActiveCfg = Debug|Any CPU
		{096BE9DB-A159-4AD9-A91F-BF97F7C746B7}.Debug|Any CPU.Build.0 = Debug|Any CPU
		{096BE9DB-A159-4AD9-A91F-BF97F7C746B7}.Release|Any CPU.ActiveCfg = Release|Any CPU
		{096BE9DB-A159-4AD9-A91F-BF97F7C746B7}.Release|Any CPU.Build.0 = Release|Any CPU
	EndGlobalSection
	GlobalSection(SolutionProperties) = preSolution
		HideSolutionNode = FALSE
	EndGlobalSection
	GlobalSection(ExtensibilityGlobals) = postSolution
		SolutionGuid = {4DEB8D1D-481A-4BE3-B34B-1436B9EA487C}
	EndGlobalSection
EndGlobal
